
Microsoft Visual Studio Solution File, Format Version 12.00
# Visual Studio Version 17
VisualStudioVersion = 17.5.33530.505
MinimumVisualStudioVersion = 10.0.40219.1
Project("{FAE04EC0-301F-11D3-BF4B-00C04F79EFBC}") = "lab5", "lab5\lab5.csproj", "{1DCED15A-8214-409C-B759-8E71B9D0F288}"
EndProject
Global
	GlobalSection(SolutionConfigurationPlatforms) = preSolution
		Debug|Any CPU = Debug|Any CPU
		Release|Any CPU = Release|Any CPU
	EndGlobalSection
	GlobalSection(ProjectConfigurationPlatforms) = postSolution
		{1DCED15A-8214-409C-B759-8E71B9D0F288}.Debug|Any CPU.ActiveCfg = Debug|Any CPU
		{1DCED15A-8214-409C-B759-8E71B9D0F288}.Debug|Any CPU.Build.0 = Debug|Any CPU
		{1DCED15A-8214-409C-B759-8E71B9D0F288}.Release|Any CPU.ActiveCfg = Release|Any CPU
		{1DCED15A-8214-409C-B759-8E71B9D0F288}.Release|Any CPU.Build.0 = Release|Any CPU
	EndGlobalSection
	GlobalSection(SolutionProperties) = preSolution
		HideSolutionNode = FALSE
	EndGlobalSection
	GlobalSection(ExtensibilityGlobals) = postSolution
		SolutionGuid = {6CCE8A59-A5A8-4218-B093-1BD6DB6DD198}
	EndGlobalSection
EndGlobal
