
Microsoft Visual Studio Solution File, Format Version 12.00
# Visual Studio Version 17
VisualStudioVersion = 17.3.32922.545
MinimumVisualStudioVersion = 10.0.40219.1
Project("{FAE04EC0-301F-11D3-BF4B-00C04F79EFBC}") = "client", "client\client.csproj", "{926DFBA8-407D-4F7B-AC02-F9DC19B24430}"
EndProject
Global
	GlobalSection(SolutionConfigurationPlatforms) = preSolution
		Debug|Any CPU = Debug|Any CPU
		Release|Any CPU = Release|Any CPU
	EndGlobalSection
	GlobalSection(ProjectConfigurationPlatforms) = postSolution
		{926DFBA8-407D-4F7B-AC02-F9DC19B24430}.Debug|Any CPU.ActiveCfg = Debug|Any CPU
		{926DFBA8-407D-4F7B-AC02-F9DC19B24430}.Debug|Any CPU.Build.0 = Debug|Any CPU
		{926DFBA8-407D-4F7B-AC02-F9DC19B24430}.Release|Any CPU.ActiveCfg = Release|Any CPU
		{926DFBA8-407D-4F7B-AC02-F9DC19B24430}.Release|Any CPU.Build.0 = Release|Any CPU
	EndGlobalSection
	GlobalSection(SolutionProperties) = preSolution
		HideSolutionNode = FALSE
	EndGlobalSection
	GlobalSection(ExtensibilityGlobals) = postSolution
		SolutionGuid = {32C73F7C-4FA2-470B-9306-3EA31C01F4F1}
	EndGlobalSection
EndGlobal
